
Microsoft Visual Studio Solution File, Format Version 12.00
# Visual Studio 15
VisualStudioVersion = 15.0.26014.0
MinimumVisualStudioVersion = 10.0.40219.1
Project("{FAE04EC0-301F-11D3-BF4B-00C04F79EFBC}") = "MCPU Library", "MCPU Library\MCPU Library.csproj", "{2DF6D431-A417-4D2D-ABD9-E852671E947E}"
EndProject
Project("{FAE04EC0-301F-11D3-BF4B-00C04F79EFBC}") = "MCPU Tester", "MCPU Tester\MCPU Tester.csproj", "{729B5FD8-7C51-4BE1-ADC3-8E628A4542F8}"
EndProject
Project("{2150E333-8FDC-42A3-9474-1A3956D46DE8}") = "Solution Items", "Solution Items", "{F374154C-9480-44F6-8ED8-80017055F823}"
	ProjectSection(SolutionItems) = preProject
		.gitattributes = .gitattributes
		.gitignore = .gitignore
		README.md = README.md
	EndProjectSection
EndProject
Project("{2150E333-8FDC-42A3-9474-1A3956D46DE8}") = "compiler", "compiler", "{EB85759D-32F4-4540-8F1B-5834DFFC6F75}"
EndProject
Project("{FAE04EC0-301F-11D3-BF4B-00C04F79EFBC}") = "MCPU Core Compiler", "MCPU Core Compiler\MCPU Core Compiler.csproj", "{7E31C14A-A3B4-4D0C-B67A-3B842DCA55B1}"
EndProject
Project("{FAE04EC0-301F-11D3-BF4B-00C04F79EFBC}") = "MCPU Compiler Tester", "MCPU Compiler Tester\MCPU Compiler Tester.csproj", "{8353F5F6-8790-4D25-A76D-F0966D872287}"
EndProject
Project("{FAE04EC0-301F-11D3-BF4B-00C04F79EFBC}") = "MCPU IDE", "MCPU IDE\MCPU IDE.csproj", "{225CE327-F6C0-4C44-B01E-16726231E158}"
EndProject
Project("{2150E333-8FDC-42A3-9474-1A3956D46DE8}") = "Languages", "Languages", "{0B00FCC5-99DA-44EB-8608-E0B4064704E1}"
EndProject
Global
	GlobalSection(SolutionConfigurationPlatforms) = preSolution
		Debug|Any CPU = Debug|Any CPU
		Release|Any CPU = Release|Any CPU
	EndGlobalSection
	GlobalSection(ProjectConfigurationPlatforms) = postSolution
		{2DF6D431-A417-4D2D-ABD9-E852671E947E}.Debug|Any CPU.ActiveCfg = Debug|Any CPU
		{2DF6D431-A417-4D2D-ABD9-E852671E947E}.Debug|Any CPU.Build.0 = Debug|Any CPU
		{2DF6D431-A417-4D2D-ABD9-E852671E947E}.Release|Any CPU.ActiveCfg = Release|Any CPU
		{2DF6D431-A417-4D2D-ABD9-E852671E947E}.Release|Any CPU.Build.0 = Release|Any CPU
		{729B5FD8-7C51-4BE1-ADC3-8E628A4542F8}.Debug|Any CPU.ActiveCfg = Debug|Any CPU
		{729B5FD8-7C51-4BE1-ADC3-8E628A4542F8}.Debug|Any CPU.Build.0 = Debug|Any CPU
		{729B5FD8-7C51-4BE1-ADC3-8E628A4542F8}.Release|Any CPU.ActiveCfg = Release|Any CPU
		{729B5FD8-7C51-4BE1-ADC3-8E628A4542F8}.Release|Any CPU.Build.0 = Release|Any CPU
		{7E31C14A-A3B4-4D0C-B67A-3B842DCA55B1}.Debug|Any CPU.ActiveCfg = Debug|Any CPU
		{7E31C14A-A3B4-4D0C-B67A-3B842DCA55B1}.Debug|Any CPU.Build.0 = Debug|Any CPU
		{7E31C14A-A3B4-4D0C-B67A-3B842DCA55B1}.Release|Any CPU.ActiveCfg = Release|Any CPU
		{7E31C14A-A3B4-4D0C-B67A-3B842DCA55B1}.Release|Any CPU.Build.0 = Release|Any CPU
		{8353F5F6-8790-4D25-A76D-F0966D872287}.Debug|Any CPU.ActiveCfg = Debug|Any CPU
		{8353F5F6-8790-4D25-A76D-F0966D872287}.Debug|Any CPU.Build.0 = Debug|Any CPU
		{8353F5F6-8790-4D25-A76D-F0966D872287}.Release|Any CPU.ActiveCfg = Release|Any CPU
		{8353F5F6-8790-4D25-A76D-F0966D872287}.Release|Any CPU.Build.0 = Release|Any CPU
		{225CE327-F6C0-4C44-B01E-16726231E158}.Debug|Any CPU.ActiveCfg = Debug|Any CPU
		{225CE327-F6C0-4C44-B01E-16726231E158}.Debug|Any CPU.Build.0 = Debug|Any CPU
		{225CE327-F6C0-4C44-B01E-16726231E158}.Release|Any CPU.ActiveCfg = Release|Any CPU
		{225CE327-F6C0-4C44-B01E-16726231E158}.Release|Any CPU.Build.0 = Release|Any CPU
	EndGlobalSection
	GlobalSection(SolutionProperties) = preSolution
		HideSolutionNode = FALSE
	EndGlobalSection
	GlobalSection(NestedProjects) = preSolution
		{7E31C14A-A3B4-4D0C-B67A-3B842DCA55B1} = {EB85759D-32F4-4540-8F1B-5834DFFC6F75}
		{8353F5F6-8790-4D25-A76D-F0966D872287} = {EB85759D-32F4-4540-8F1B-5834DFFC6F75}
		{225CE327-F6C0-4C44-B01E-16726231E158} = {EB85759D-32F4-4540-8F1B-5834DFFC6F75}
		{0B00FCC5-99DA-44EB-8608-E0B4064704E1} = {EB85759D-32F4-4540-8F1B-5834DFFC6F75}
	EndGlobalSection
EndGlobal
