
Microsoft Visual Studio Solution File, Format Version 12.00
# Visual Studio 15
VisualStudioVersion = 15.0.26020.0
MinimumVisualStudioVersion = 10.0.40219.1
Project("{FAE04EC0-301F-11D3-BF4B-00C04F79EFBC}") = "MCPU Library", "MCPU Library\MCPU Library.csproj", "{2DF6D431-A417-4D2D-ABD9-E852671E947E}"
EndProject
Project("{2150E333-8FDC-42A3-9474-1A3956D46DE8}") = "Compiler", "Compiler", "{EB85759D-32F4-4540-8F1B-5834DFFC6F75}"
EndProject
Project("{FAE04EC0-301F-11D3-BF4B-00C04F79EFBC}") = "MCPU Core Compiler", "MCPU Core Compiler\MCPU Core Compiler.csproj", "{7E31C14A-A3B4-4D0C-B67A-3B842DCA55B1}"
EndProject
Project("{FAE04EC0-301F-11D3-BF4B-00C04F79EFBC}") = "MCPU IDE", "MCPU IDE\MCPU IDE.csproj", "{225CE327-F6C0-4C44-B01E-16726231E158}"
EndProject
Project("{2150E333-8FDC-42A3-9474-1A3956D46DE8}") = "Tests", "Tests", "{FA32467C-188C-45E6-90C4-FD9051E56654}"
EndProject
Project("{FAE04EC0-301F-11D3-BF4B-00C04F79EFBC}") = "MCPU Tester", "Tests\MCPU Tester\MCPU Tester.csproj", "{729B5FD8-7C51-4BE1-ADC3-8E628A4542F8}"
EndProject
Project("{FAE04EC0-301F-11D3-BF4B-00C04F79EFBC}") = "MCPU Unit Tests", "Tests\MCPU Unit Tests\MCPU Unit Tests.csproj", "{15A7417F-B941-406B-A0B7-8FB3402DFFFC}"
EndProject
Project("{FAE04EC0-301F-11D3-BF4B-00C04F79EFBC}") = "Piglet", "Piglet\Piglet\Piglet.csproj", "{1E23F251-94E1-4504-81E8-2618F5C9FEA3}"
EndProject
Project("{2150E333-8FDC-42A3-9474-1A3956D46DE8}") = "MCPU++", "MCPU++", "{CE779EFC-90E9-4F5C-9394-EAD6B1863A3B}"
EndProject
Project("{F2A71F9B-5D33-465A-A702-920D77279786}") = "MCPUPP.Parser", "MCPUPP.Parser\MCPUPP.Parser.fsproj", "{EC613ADE-FDFF-461D-9E84-9093E96AA759}"
EndProject
Project("{FAE04EC0-301F-11D3-BF4B-00C04F79EFBC}") = "MCPUPP.Compiler", "MCPUPP.Compiler\MCPUPP.Compiler.csproj", "{DDE7FD0A-F879-4E62-A3CA-8FC69CEA380C}"
EndProject
Project("{F2A71F9B-5D33-465A-A702-920D77279786}") = "MCPUPP Unit Tests", "Tests\MCPUPP.UnitTests\MCPUPP.UnitTests.fsproj", "{56BDA770-BE2B-4E83-B363-7C3E385DEDA5}"
EndProject
Global
	GlobalSection(SolutionConfigurationPlatforms) = preSolution
		Debug|Any CPU = Debug|Any CPU
		Debug|x64 = Debug|x64
		Debug|x86 = Debug|x86
		Release|Any CPU = Release|Any CPU
		Release|x64 = Release|x64
		Release|x86 = Release|x86
	EndGlobalSection
	GlobalSection(ProjectConfigurationPlatforms) = postSolution
		{2DF6D431-A417-4D2D-ABD9-E852671E947E}.Debug|Any CPU.ActiveCfg = Debug|Any CPU
		{2DF6D431-A417-4D2D-ABD9-E852671E947E}.Debug|Any CPU.Build.0 = Debug|Any CPU
		{2DF6D431-A417-4D2D-ABD9-E852671E947E}.Debug|x64.ActiveCfg = Debug|Any CPU
		{2DF6D431-A417-4D2D-ABD9-E852671E947E}.Debug|x64.Build.0 = Debug|Any CPU
		{2DF6D431-A417-4D2D-ABD9-E852671E947E}.Debug|x86.ActiveCfg = Debug|Any CPU
		{2DF6D431-A417-4D2D-ABD9-E852671E947E}.Debug|x86.Build.0 = Debug|Any CPU
		{2DF6D431-A417-4D2D-ABD9-E852671E947E}.Release|Any CPU.ActiveCfg = Release|Any CPU
		{2DF6D431-A417-4D2D-ABD9-E852671E947E}.Release|Any CPU.Build.0 = Release|Any CPU
		{2DF6D431-A417-4D2D-ABD9-E852671E947E}.Release|x64.ActiveCfg = Release|Any CPU
		{2DF6D431-A417-4D2D-ABD9-E852671E947E}.Release|x64.Build.0 = Release|Any CPU
		{2DF6D431-A417-4D2D-ABD9-E852671E947E}.Release|x86.ActiveCfg = Release|Any CPU
		{2DF6D431-A417-4D2D-ABD9-E852671E947E}.Release|x86.Build.0 = Release|Any CPU
		{7E31C14A-A3B4-4D0C-B67A-3B842DCA55B1}.Debug|Any CPU.ActiveCfg = Debug|Any CPU
		{7E31C14A-A3B4-4D0C-B67A-3B842DCA55B1}.Debug|Any CPU.Build.0 = Debug|Any CPU
		{7E31C14A-A3B4-4D0C-B67A-3B842DCA55B1}.Debug|x64.ActiveCfg = Debug|Any CPU
		{7E31C14A-A3B4-4D0C-B67A-3B842DCA55B1}.Debug|x64.Build.0 = Debug|Any CPU
		{7E31C14A-A3B4-4D0C-B67A-3B842DCA55B1}.Debug|x86.ActiveCfg = Debug|Any CPU
		{7E31C14A-A3B4-4D0C-B67A-3B842DCA55B1}.Debug|x86.Build.0 = Debug|Any CPU
		{7E31C14A-A3B4-4D0C-B67A-3B842DCA55B1}.Release|Any CPU.ActiveCfg = Release|Any CPU
		{7E31C14A-A3B4-4D0C-B67A-3B842DCA55B1}.Release|Any CPU.Build.0 = Release|Any CPU
		{7E31C14A-A3B4-4D0C-B67A-3B842DCA55B1}.Release|x64.ActiveCfg = Release|Any CPU
		{7E31C14A-A3B4-4D0C-B67A-3B842DCA55B1}.Release|x64.Build.0 = Release|Any CPU
		{7E31C14A-A3B4-4D0C-B67A-3B842DCA55B1}.Release|x86.ActiveCfg = Release|Any CPU
		{7E31C14A-A3B4-4D0C-B67A-3B842DCA55B1}.Release|x86.Build.0 = Release|Any CPU
		{225CE327-F6C0-4C44-B01E-16726231E158}.Debug|Any CPU.ActiveCfg = Debug|Any CPU
		{225CE327-F6C0-4C44-B01E-16726231E158}.Debug|Any CPU.Build.0 = Debug|Any CPU
		{225CE327-F6C0-4C44-B01E-16726231E158}.Debug|x64.ActiveCfg = Debug|Any CPU
		{225CE327-F6C0-4C44-B01E-16726231E158}.Debug|x64.Build.0 = Debug|Any CPU
		{225CE327-F6C0-4C44-B01E-16726231E158}.Debug|x86.ActiveCfg = Debug|Any CPU
		{225CE327-F6C0-4C44-B01E-16726231E158}.Debug|x86.Build.0 = Debug|Any CPU
		{225CE327-F6C0-4C44-B01E-16726231E158}.Release|Any CPU.ActiveCfg = Release|Any CPU
		{225CE327-F6C0-4C44-B01E-16726231E158}.Release|Any CPU.Build.0 = Release|Any CPU
		{225CE327-F6C0-4C44-B01E-16726231E158}.Release|x64.ActiveCfg = Release|Any CPU
		{225CE327-F6C0-4C44-B01E-16726231E158}.Release|x64.Build.0 = Release|Any CPU
		{225CE327-F6C0-4C44-B01E-16726231E158}.Release|x86.ActiveCfg = Release|Any CPU
		{225CE327-F6C0-4C44-B01E-16726231E158}.Release|x86.Build.0 = Release|Any CPU
		{729B5FD8-7C51-4BE1-ADC3-8E628A4542F8}.Debug|Any CPU.ActiveCfg = Debug|Any CPU
		{729B5FD8-7C51-4BE1-ADC3-8E628A4542F8}.Debug|Any CPU.Build.0 = Debug|Any CPU
		{729B5FD8-7C51-4BE1-ADC3-8E628A4542F8}.Debug|x64.ActiveCfg = Debug|Any CPU
		{729B5FD8-7C51-4BE1-ADC3-8E628A4542F8}.Debug|x64.Build.0 = Debug|Any CPU
		{729B5FD8-7C51-4BE1-ADC3-8E628A4542F8}.Debug|x86.ActiveCfg = Debug|Any CPU
		{729B5FD8-7C51-4BE1-ADC3-8E628A4542F8}.Debug|x86.Build.0 = Debug|Any CPU
		{729B5FD8-7C51-4BE1-ADC3-8E628A4542F8}.Release|Any CPU.ActiveCfg = Release|Any CPU
		{729B5FD8-7C51-4BE1-ADC3-8E628A4542F8}.Release|Any CPU.Build.0 = Release|Any CPU
		{729B5FD8-7C51-4BE1-ADC3-8E628A4542F8}.Release|x64.ActiveCfg = Release|Any CPU
		{729B5FD8-7C51-4BE1-ADC3-8E628A4542F8}.Release|x64.Build.0 = Release|Any CPU
		{729B5FD8-7C51-4BE1-ADC3-8E628A4542F8}.Release|x86.ActiveCfg = Release|Any CPU
		{729B5FD8-7C51-4BE1-ADC3-8E628A4542F8}.Release|x86.Build.0 = Release|Any CPU
		{15A7417F-B941-406B-A0B7-8FB3402DFFFC}.Debug|Any CPU.ActiveCfg = Debug|Any CPU
		{15A7417F-B941-406B-A0B7-8FB3402DFFFC}.Debug|Any CPU.Build.0 = Debug|Any CPU
		{15A7417F-B941-406B-A0B7-8FB3402DFFFC}.Debug|x64.ActiveCfg = Debug|Any CPU
		{15A7417F-B941-406B-A0B7-8FB3402DFFFC}.Debug|x64.Build.0 = Debug|Any CPU
		{15A7417F-B941-406B-A0B7-8FB3402DFFFC}.Debug|x86.ActiveCfg = Debug|Any CPU
		{15A7417F-B941-406B-A0B7-8FB3402DFFFC}.Debug|x86.Build.0 = Debug|Any CPU
		{15A7417F-B941-406B-A0B7-8FB3402DFFFC}.Release|Any CPU.ActiveCfg = Release|Any CPU
		{15A7417F-B941-406B-A0B7-8FB3402DFFFC}.Release|Any CPU.Build.0 = Release|Any CPU
		{15A7417F-B941-406B-A0B7-8FB3402DFFFC}.Release|x64.ActiveCfg = Release|Any CPU
		{15A7417F-B941-406B-A0B7-8FB3402DFFFC}.Release|x64.Build.0 = Release|Any CPU
		{15A7417F-B941-406B-A0B7-8FB3402DFFFC}.Release|x86.ActiveCfg = Release|Any CPU
		{15A7417F-B941-406B-A0B7-8FB3402DFFFC}.Release|x86.Build.0 = Release|Any CPU
		{1E23F251-94E1-4504-81E8-2618F5C9FEA3}.Debug|Any CPU.ActiveCfg = Debug|Any CPU
		{1E23F251-94E1-4504-81E8-2618F5C9FEA3}.Debug|Any CPU.Build.0 = Debug|Any CPU
		{1E23F251-94E1-4504-81E8-2618F5C9FEA3}.Debug|x64.ActiveCfg = Debug|Any CPU
		{1E23F251-94E1-4504-81E8-2618F5C9FEA3}.Debug|x64.Build.0 = Debug|Any CPU
		{1E23F251-94E1-4504-81E8-2618F5C9FEA3}.Debug|x86.ActiveCfg = Debug|Any CPU
		{1E23F251-94E1-4504-81E8-2618F5C9FEA3}.Debug|x86.Build.0 = Debug|Any CPU
		{1E23F251-94E1-4504-81E8-2618F5C9FEA3}.Release|Any CPU.ActiveCfg = Release|Any CPU
		{1E23F251-94E1-4504-81E8-2618F5C9FEA3}.Release|Any CPU.Build.0 = Release|Any CPU
		{1E23F251-94E1-4504-81E8-2618F5C9FEA3}.Release|x64.ActiveCfg = Release|Any CPU
		{1E23F251-94E1-4504-81E8-2618F5C9FEA3}.Release|x64.Build.0 = Release|Any CPU
		{1E23F251-94E1-4504-81E8-2618F5C9FEA3}.Release|x86.ActiveCfg = Release|Any CPU
		{1E23F251-94E1-4504-81E8-2618F5C9FEA3}.Release|x86.Build.0 = Release|Any CPU
		{EC613ADE-FDFF-461D-9E84-9093E96AA759}.Debug|Any CPU.ActiveCfg = Debug|Any CPU
		{EC613ADE-FDFF-461D-9E84-9093E96AA759}.Debug|Any CPU.Build.0 = Debug|Any CPU
		{EC613ADE-FDFF-461D-9E84-9093E96AA759}.Debug|x64.ActiveCfg = Debug|Any CPU
		{EC613ADE-FDFF-461D-9E84-9093E96AA759}.Debug|x64.Build.0 = Debug|Any CPU
		{EC613ADE-FDFF-461D-9E84-9093E96AA759}.Debug|x86.ActiveCfg = Debug|Any CPU
		{EC613ADE-FDFF-461D-9E84-9093E96AA759}.Debug|x86.Build.0 = Debug|Any CPU
		{EC613ADE-FDFF-461D-9E84-9093E96AA759}.Release|Any CPU.ActiveCfg = Release|Any CPU
		{EC613ADE-FDFF-461D-9E84-9093E96AA759}.Release|Any CPU.Build.0 = Release|Any CPU
		{EC613ADE-FDFF-461D-9E84-9093E96AA759}.Release|x64.ActiveCfg = Release|Any CPU
		{EC613ADE-FDFF-461D-9E84-9093E96AA759}.Release|x64.Build.0 = Release|Any CPU
		{EC613ADE-FDFF-461D-9E84-9093E96AA759}.Release|x86.ActiveCfg = Release|Any CPU
		{EC613ADE-FDFF-461D-9E84-9093E96AA759}.Release|x86.Build.0 = Release|Any CPU
		{DDE7FD0A-F879-4E62-A3CA-8FC69CEA380C}.Debug|Any CPU.ActiveCfg = Debug|Any CPU
		{DDE7FD0A-F879-4E62-A3CA-8FC69CEA380C}.Debug|Any CPU.Build.0 = Debug|Any CPU
		{DDE7FD0A-F879-4E62-A3CA-8FC69CEA380C}.Debug|x64.ActiveCfg = Debug|Any CPU
		{DDE7FD0A-F879-4E62-A3CA-8FC69CEA380C}.Debug|x64.Build.0 = Debug|Any CPU
		{DDE7FD0A-F879-4E62-A3CA-8FC69CEA380C}.Debug|x86.ActiveCfg = Debug|Any CPU
		{DDE7FD0A-F879-4E62-A3CA-8FC69CEA380C}.Debug|x86.Build.0 = Debug|Any CPU
		{DDE7FD0A-F879-4E62-A3CA-8FC69CEA380C}.Release|Any CPU.ActiveCfg = Release|Any CPU
		{DDE7FD0A-F879-4E62-A3CA-8FC69CEA380C}.Release|Any CPU.Build.0 = Release|Any CPU
		{DDE7FD0A-F879-4E62-A3CA-8FC69CEA380C}.Release|x64.ActiveCfg = Release|Any CPU
		{DDE7FD0A-F879-4E62-A3CA-8FC69CEA380C}.Release|x64.Build.0 = Release|Any CPU
		{DDE7FD0A-F879-4E62-A3CA-8FC69CEA380C}.Release|x86.ActiveCfg = Release|Any CPU
		{DDE7FD0A-F879-4E62-A3CA-8FC69CEA380C}.Release|x86.Build.0 = Release|Any CPU
		{56BDA770-BE2B-4E83-B363-7C3E385DEDA5}.Debug|Any CPU.ActiveCfg = Debug|Any CPU
		{56BDA770-BE2B-4E83-B363-7C3E385DEDA5}.Debug|Any CPU.Build.0 = Debug|Any CPU
		{56BDA770-BE2B-4E83-B363-7C3E385DEDA5}.Debug|x64.ActiveCfg = Debug|Any CPU
		{56BDA770-BE2B-4E83-B363-7C3E385DEDA5}.Debug|x64.Build.0 = Debug|Any CPU
		{56BDA770-BE2B-4E83-B363-7C3E385DEDA5}.Debug|x86.ActiveCfg = Debug|Any CPU
		{56BDA770-BE2B-4E83-B363-7C3E385DEDA5}.Debug|x86.Build.0 = Debug|Any CPU
		{56BDA770-BE2B-4E83-B363-7C3E385DEDA5}.Release|Any CPU.ActiveCfg = Release|Any CPU
		{56BDA770-BE2B-4E83-B363-7C3E385DEDA5}.Release|Any CPU.Build.0 = Release|Any CPU
		{56BDA770-BE2B-4E83-B363-7C3E385DEDA5}.Release|x64.ActiveCfg = Release|Any CPU
		{56BDA770-BE2B-4E83-B363-7C3E385DEDA5}.Release|x64.Build.0 = Release|Any CPU
		{56BDA770-BE2B-4E83-B363-7C3E385DEDA5}.Release|x86.ActiveCfg = Release|Any CPU
		{56BDA770-BE2B-4E83-B363-7C3E385DEDA5}.Release|x86.Build.0 = Release|Any CPU
	EndGlobalSection
	GlobalSection(SolutionProperties) = preSolution
		HideSolutionNode = FALSE
	EndGlobalSection
	GlobalSection(NestedProjects) = preSolution
		{7E31C14A-A3B4-4D0C-B67A-3B842DCA55B1} = {EB85759D-32F4-4540-8F1B-5834DFFC6F75}
		{225CE327-F6C0-4C44-B01E-16726231E158} = {EB85759D-32F4-4540-8F1B-5834DFFC6F75}
		{729B5FD8-7C51-4BE1-ADC3-8E628A4542F8} = {FA32467C-188C-45E6-90C4-FD9051E56654}
		{15A7417F-B941-406B-A0B7-8FB3402DFFFC} = {FA32467C-188C-45E6-90C4-FD9051E56654}
		{1E23F251-94E1-4504-81E8-2618F5C9FEA3} = {CE779EFC-90E9-4F5C-9394-EAD6B1863A3B}
		{EC613ADE-FDFF-461D-9E84-9093E96AA759} = {CE779EFC-90E9-4F5C-9394-EAD6B1863A3B}
		{DDE7FD0A-F879-4E62-A3CA-8FC69CEA380C} = {CE779EFC-90E9-4F5C-9394-EAD6B1863A3B}
		{56BDA770-BE2B-4E83-B363-7C3E385DEDA5} = {FA32467C-188C-45E6-90C4-FD9051E56654}
	EndGlobalSection
EndGlobal
